PODS:
  - Alamofire (4.8.0)
  - SnapKit (4.2.0)

DEPENDENCIES:
  - Alamofire (~> 4.8)
  - SnapKit (~> 4.2.0)

SPEC REPOS:
  https://github.com/cocoapods/specs.git:
    - Alamofire
    - SnapKit

SPEC CHECKSUMS:
  Alamofire: 3ec537f71edc9804815215393ae2b1a8ea33a844
  SnapKit: fe8a619752f3f27075cc9a90244d75c6c3f27e2a

PODFILE CHECKSUM: 86526dc705b84f8c432f78cfc9bf90f612f2841e

COCOAPODS: 1.6.1
